
Microsoft Visual Studio Solution File, Format Version 12.00
# Visual Studio 15
VisualStudioVersion = 15.0.27428.2002
MinimumVisualStudioVersion = 10.0.40219.1
Project("{8BC9CEB8-8B4A-11D0-8D11-00A0C91BC942}") = "prog_assign05", "prog_assign05.vcxproj", "{EE905153-D762-486D-B1F5-7130FFD9641C}"
EndProject
Global
	GlobalSection(SolutionConfigurationPlatforms) = preSolution
		Debug|x64 = Debug|x64
		Debug|x86 = Debug|x86
		Release|x64 = Release|x64
		Release|x86 = Release|x86
	EndGlobalSection
	GlobalSection(ProjectConfigurationPlatforms) = postSolution
		{EE905153-D762-486D-B1F5-7130FFD9641C}.Debug|x64.ActiveCfg = Debug|x64
		{EE905153-D762-486D-B1F5-7130FFD9641C}.Debug|x64.Build.0 = Debug|x64
		{EE905153-D762-486D-B1F5-7130FFD9641C}.Debug|x86.ActiveCfg = Debug|Win32
		{EE905153-D762-486D-B1F5-7130FFD9641C}.Debug|x86.Build.0 = Debug|Win32
		{EE905153-D762-486D-B1F5-7130FFD9641C}.Release|x64.ActiveCfg = Release|x64
		{EE905153-D762-486D-B1F5-7130FFD9641C}.Release|x64.Build.0 = Release|x64
		{EE905153-D762-486D-B1F5-7130FFD9641C}.Release|x86.ActiveCfg = Release|Win32
		{EE905153-D762-486D-B1F5-7130FFD9641C}.Release|x86.Build.0 = Release|Win32
	EndGlobalSection
	GlobalSection(SolutionProperties) = preSolution
		HideSolutionNode = FALSE
	EndGlobalSection
	GlobalSection(ExtensibilityGlobals) = postSolution
		SolutionGuid = {4C8356D8-F711-4ECD-8181-41897185A9CC}
	EndGlobalSection
EndGlobal
